// !$*UTF8*$!
{
	archiveVersion = 1;
	classes = {
	};
	objectVersion = 56;
	objects = {

/* Begin PBXBuildFile section */
		DDC14EC22A73BED8005CE893 /* AppDelegate.swift in Sources */ = {isa = PBXBuildFile; fileRef = DDC14EC12A73BED8005CE893 /* AppDelegate.swift */; };
		DDC14EC42A73BED8005CE893 /* SceneDelegate.swift in Sources */ = {isa = PBXBuildFile; fileRef = DDC14EC32A73BED8005CE893 /* SceneDelegate.swift */; };
		DDC14EC62A73BED8005CE893 /* ViewController.swift in Sources */ = {isa = PBXBuildFile; fileRef = DDC14EC52A73BED8005CE893 /* ViewController.swift */; };
		DDC14EC92A73BED8005CE893 /* Main.storyboard in Resources */ = {isa = PBXBuildFile; fileRef = DDC14EC72A73BED8005CE893 /* Main.storyboard */; };
		DDC14ECB2A73BED9005CE893 /* Assets.xcassets in Resources */ = {isa = PBXBuildFile; fileRef = DDC14ECA2A73BED9005CE893 /* Assets.xcassets */; };
		DDC14ECE2A73BED9005CE893 /* LaunchScreen.storyboard in Resources */ = {isa = PBXBuildFile; fileRef = DDC14ECC2A73BED9005CE893 /* LaunchScreen.storyboard */; };
		DDC14ED92A73BED9005CE893 /* somePlacesTests.swift in Sources */ = {isa = PBXBuildFile; fileRef = DDC14ED82A73BED9005CE893 /* somePlacesTests.swift */; };
		DDC14EE32A73BED9005CE893 /* somePlacesUITests.swift in Sources */ = {isa = PBXBuildFile; fileRef = DDC14EE22A73BED9005CE893 /* somePlacesUITests.swift */; };
		DDC14EE52A73BED9005CE893 /* somePlacesUITestsLaunchTests.swift in Sources */ = {isa = PBXBuildFile; fileRef = DDC14EE42A73BED9005CE893 /* somePlacesUITestsLaunchTests.swift */; };
/* End PBXBuildFile section */

/* Begin PBXContainerItemProxy section */
		DDC14ED52A73BED9005CE893 /* PBXContainerItemProxy */ = {
			isa = PBXContainerItemProxy;
			containerPortal = DDC14EB62A73BED8005CE893 /* Project object */;
			proxyType = 1;
			remoteGlobalIDString = DDC14EBD2A73BED8005CE893;
			remoteInfo = somePlaces;
		};
		DDC14EDF2A73BED9005CE893 /* PBXContainerItemProxy */ = {
			isa = PBXContainerItemProxy;
			containerPortal = DDC14EB62A73BED8005CE893 /* Project object */;
			proxyType = 1;
			remoteGlobalIDString = DDC14EBD2A73BED8005CE893;
			remoteInfo = somePlaces;
		};
/* End PBXContainerItemProxy section */

/* Begin PBXFileReference section */
		DDC14EBE2A73BED8005CE893 /* somePlaces.app */ = {isa = PBXFileReference; explicitFileType = wrapper.application; includeInIndex = 0; path = somePlaces.app; sourceTree = BUILT_PRODUCTS_DIR; };
		DDC14EC12A73BED8005CE893 /* AppDelegate.swift */ = {isa = PBXFileReference; lastKnownFileType = sourcecode.swift; path = AppDelegate.swift; sourceTree = "<group>"; };
		DDC14EC32A73BED8005CE893 /* SceneDelegate.swift */ = {isa = PBXFileReference; lastKnownFileType = sourcecode.swift; path = SceneDelegate.swift; sourceTree = "<group>"; };
		DDC14EC52A73BED8005CE893 /* ViewController.swift */ = {isa = PBXFileReference; lastKnownFileType = sourcecode.swift; path = ViewController.swift; sourceTree = "<group>"; };
		DDC14EC82A73BED8005CE893 /* Base */ = {isa = PBXFileReference; lastKnownFileType = file.storyboard; name = Base; path = Base.lproj/Main.storyboard; sourceTree = "<group>"; };
		DDC14ECA2A73BED9005CE893 /* Assets.xcassets */ = {isa = PBXFileReference; lastKnownFileType = folder.assetcatalog; path = Assets.xcassets; sourceTree = "<group>"; };
		DDC14ECD2A73BED9005CE893 /* Base */ = {isa = PBXFileReference; lastKnownFileType = file.storyboard; name = Base; path = Base.lproj/LaunchScreen.storyboard; sourceTree = "<group>"; };
		DDC14ECF2A73BED9005CE893 /* Info.plist */ = {isa = PBXFileReference; lastKnownFileType = text.plist.xml; path = Info.plist; sourceTree = "<group>"; };
		DDC14ED42A73BED9005CE893 /* somePlacesTests.xctest */ = {isa = PBXFileReference; explicitFileType = wrapper.cfbundle; includeInIndex = 0; path = somePlacesTests.xctest; sourceTree = BUILT_PRODUCTS_DIR; };
		DDC14ED82A73BED9005CE893 /* somePlacesTests.swift */ = {isa = PBXFileReference; lastKnownFileType = sourcecode.swift; path = somePlacesTests.swift; sourceTree = "<group>"; };
		DDC14EDE2A73BED9005CE893 /* somePlacesUITests.xctest */ = {isa = PBXFileReference; explicitFileType = wrapper.cfbundle; includeInIndex = 0; path = somePlacesUITests.xctest; sourceTree = BUILT_PRODUCTS_DIR; };
		DDC14EE22A73BED9005CE893 /* somePlacesUITests.swift */ = {isa = PBXFileReference; lastKnownFileType = sourcecode.swift; path = somePlacesUITests.swift; sourceTree = "<group>"; };
		DDC14EE42A73BED9005CE893 /* somePlacesUITestsLaunchTests.swift */ = {isa = PBXFileReference; lastKnownFileType = sourcecode.swift; path = somePlacesUITestsLaunchTests.swift; sourceTree = "<group>"; };
/* End PBXFileReference section */

/* Begin PBXFrameworksBuildPhase section */
		DDC14EBB2A73BED8005CE893 /* Frameworks */ = {
			isa = PBXFrameworksBuildPhase;
			buildActionMask = 2147483647;
			files = (
			);
			runOnlyForDeploymentPostprocessing = 0;
		};
		DDC14ED12A73BED9005CE893 /* Frameworks */ = {
			isa = PBXFrameworksBuildPhase;
			buildActionMask = 2147483647;
			files = (
			);
			runOnlyForDeploymentPostprocessing = 0;
		};
		DDC14EDB2A73BED9005CE893 /* Frameworks */ = {
			isa = PBXFrameworksBuildPhase;
			buildActionMask = 2147483647;
			files = (
			);
			runOnlyForDeploymentPostprocessing = 0;
		};
/* End PBXFrameworksBuildPhase section */

/* Begin PBXGroup section */
		DDC14EB52A73BED8005CE893 = {
			isa = PBXGroup;
			children = (
				DDC14EC02A73BED8005CE893 /* somePlaces */,
				DDC14ED72A73BED9005CE893 /* somePlacesTests */,
				DDC14EE12A73BED9005CE893 /* somePlacesUITests */,
				DDC14EBF2A73BED8005CE893 /* Products */,
			);
			sourceTree = "<group>";
		};
		DDC14EBF2A73BED8005CE893 /* Products */ = {
			isa = PBXGroup;
			children = (
				DDC14EBE2A73BED8005CE893 /* somePlaces.app */,
				DDC14ED42A73BED9005CE893 /* somePlacesTests.xctest */,
				DDC14EDE2A73BED9005CE893 /* somePlacesUITests.xctest */,
			);
			name = Products;
			sourceTree = "<group>";
		};
		DDC14EC02A73BED8005CE893 /* somePlaces */ = {
			isa = PBXGroup;
			children = (
				DDC14EC12A73BED8005CE893 /* AppDelegate.swift */,
				DDC14EC32A73BED8005CE893 /* SceneDelegate.swift */,
				DDC14EC52A73BED8005CE893 /* ViewController.swift */,
				DDC14EC72A73BED8005CE893 /* Main.storyboard */,
				DDC14ECA2A73BED9005CE893 /* Assets.xcassets */,
				DDC14ECC2A73BED9005CE893 /* LaunchScreen.storyboard */,
				DDC14ECF2A73BED9005CE893 /* Info.plist */,
			);
			path = somePlaces;
			sourceTree = "<group>";
		};
		DDC14ED72A73BED9005CE893 /* somePlacesTests */ = {
			isa = PBXGroup;
			children = (
				DDC14ED82A73BED9005CE893 /* somePlacesTests.swift */,
			);
			path = somePlacesTests;
			sourceTree = "<group>";
		};
		DDC14EE12A73BED9005CE893 /* somePlacesUITests */ = {
			isa = PBXGroup;
			children = (
				DDC14EE22A73BED9005CE893 /* somePlacesUITests.swift */,
				DDC14EE42A73BED9005CE893 /* somePlacesUITestsLaunchTests.swift */,
			);
			path = somePlacesUITests;
			sourceTree = "<group>";
		};
/* End PBXGroup section */

/* Begin PBXNativeTarget section */
		DDC14EBD2A73BED8005CE893 /* somePlaces */ = {
			isa = PBXNativeTarget;
			buildConfigurationList = DDC14EE82A73BED9005CE893 /* Build configuration list for PBXNativeTarget "somePlaces" */;
			buildPhases = (
				DDC14EBA2A73BED8005CE893 /* Sources */,
				DDC14EBB2A73BED8005CE893 /* Frameworks */,
				DDC14EBC2A73BED8005CE893 /* Resources */,
			);
			buildRules = (
			);
			dependencies = (
			);
			name = somePlaces;
			productName = somePlaces;
			productReference = DDC14EBE2A73BED8005CE893 /* somePlaces.app */;
			productType = "com.apple.product-type.application";
		};
		DDC14ED32A73BED9005CE893 /* somePlacesTests */ = {
			isa = PBXNativeTarget;
			buildConfigurationList = DDC14EEB2A73BED9005CE893 /* Build configuration list for PBXNativeTarget "somePlacesTests" */;
			buildPhases = (
				DDC14ED02A73BED9005CE893 /* Sources */,
				DDC14ED12A73BED9005CE893 /* Frameworks */,
				DDC14ED22A73BED9005CE893 /* Resources */,
			);
			buildRules = (
			);
			dependencies = (
				DDC14ED62A73BED9005CE893 /* PBXTargetDependency */,
			);
			name = somePlacesTests;
			productName = somePlacesTests;
			productReference = DDC14ED42A73BED9005CE893 /* somePlacesTests.xctest */;
			productType = "com.apple.product-type.bundle.unit-test";
		};
		DDC14EDD2A73BED9005CE893 /* somePlacesUITests */ = {
			isa = PBXNativeTarget;
			buildConfigurationList = DDC14EEE2A73BED9005CE893 /* Build configuration list for PBXNativeTarget "somePlacesUITests" */;
			buildPhases = (
				DDC14EDA2A73BED9005CE893 /* Sources */,
				DDC14EDB2A73BED9005CE893 /* Frameworks */,
				DDC14EDC2A73BED9005CE893 /* Resources */,
			);
			buildRules = (
			);
			dependencies = (
				DDC14EE02A73BED9005CE893 /* PBXTargetDependency */,
			);
			name = somePlacesUITests;
			productName = somePlacesUITests;
			productReference = DDC14EDE2A73BED9005CE893 /* somePlacesUITests.xctest */;
			productType = "com.apple.product-type.bundle.ui-testing";
		};
/* End PBXNativeTarget section */

/* Begin PBXProject section */
		DDC14EB62A73BED8005CE893 /* Project object */ = {
			isa = PBXProject;
			attributes = {
				BuildIndependentTargetsInParallel = 1;
				LastSwiftUpdateCheck = 1430;
				LastUpgradeCheck = 1430;
				TargetAttributes = {
					DDC14EBD2A73BED8005CE893 = {
						CreatedOnToolsVersion = 14.3.1;
					};
					DDC14ED32A73BED9005CE893 = {
						CreatedOnToolsVersion = 14.3.1;
						TestTargetID = DDC14EBD2A73BED8005CE893;
					};
					DDC14EDD2A73BED9005CE893 = {
						CreatedOnToolsVersion = 14.3.1;
						TestTargetID = DDC14EBD2A73BED8005CE893;
					};
				};
			};
			buildConfigurationList = DDC14EB92A73BED8005CE893 /* Build configuration list for PBXProject "somePlaces" */;
			compatibilityVersion = "Xcode 14.0";
			developmentRegion = en;
			hasScannedForEncodings = 0;
			knownRegions = (
				en,
				Base,
			);
			mainGroup = DDC14EB52A73BED8005CE893;
			productRefGroup = DDC14EBF2A73BED8005CE893 /* Products */;
			projectDirPath = "";
			projectRoot = "";
			targets = (
				DDC14EBD2A73BED8005CE893 /* somePlaces */,
				DDC14ED32A73BED9005CE893 /* somePlacesTests */,
				DDC14EDD2A73BED9005CE893 /* somePlacesUITests */,
			);
		};
/* End PBXProject section */

/* Begin PBXResourcesBuildPhase section */
		DDC14EBC2A73BED8005CE893 /* Resources */ = {
			isa = PBXResourcesBuildPhase;
			buildActionMask = 2147483647;
			files = (
				DDC14ECE2A73BED9005CE893 /* LaunchScreen.storyboard in Resources */,
				DDC14ECB2A73BED9005CE893 /* Assets.xcassets in Resources */,
				DDC14EC92A73BED8005CE893 /* Main.storyboard in Resources */,
			);
			runOnlyForDeploymentPostprocessing = 0;
		};
		DDC14ED22A73BED9005CE893 /* Resources */ = {
			isa = PBXResourcesBuildPhase;
			buildActionMask = 2147483647;
			files = (
			);
			runOnlyForDeploymentPostprocessing = 0;
		};
		DDC14EDC2A73BED9005CE893 /* Resources */ = {
			isa = PBXResourcesBuildPhase;
			buildActionMask = 2147483647;
			files = (
			);
			runOnlyForDeploymentPostprocessing = 0;
		};
/* End PBXResourcesBuildPhase section */

/* Begin PBXSourcesBuildPhase section */
		DDC14EBA2A73BED8005CE893 /* Sources */ = {
			isa = PBXSourcesBuildPhase;
			buildActionMask = 2147483647;
			files = (
				DDC14EC62A73BED8005CE893 /* ViewController.swift in Sources */,
				DDC14EC22A73BED8005CE893 /* AppDelegate.swift in Sources */,
				DDC14EC42A73BED8005CE893 /* SceneDelegate.swift in Sources */,
			);
			runOnlyForDeploymentPostprocessing = 0;
		};
		DDC14ED02A73BED9005CE893 /* Sources */ = {
			isa = PBXSourcesBuildPhase;
			buildActionMask = 2147483647;
			files = (
				DDC14ED92A73BED9005CE893 /* somePlacesTests.swift in Sources */,
			);
			runOnlyForDeploymentPostprocessing = 0;
		};
		DDC14EDA2A73BED9005CE893 /* Sources */ = {
			isa = PBXSourcesBuildPhase;
			buildActionMask = 2147483647;
			files = (
				DDC14EE52A73BED9005CE893 /* somePlacesUITestsLaunchTests.swift in Sources */,
				DDC14EE32A73BED9005CE893 /* somePlacesUITests.swift in Sources */,
			);
			runOnlyForDeploymentPostprocessing = 0;
		};
/* End PBXSourcesBuildPhase section */

/* Begin PBXTargetDependency section */
		DDC14ED62A73BED9005CE893 /* PBXTargetDependency */ = {
			isa = PBXTargetDependency;
			target = DDC14EBD2A73BED8005CE893 /* somePlaces */;
			targetProxy = DDC14ED52A73BED9005CE893 /* PBXContainerItemProxy */;
		};
		DDC14EE02A73BED9005CE893 /* PBXTargetDependency */ = {
			isa = PBXTargetDependency;
			target = DDC14EBD2A73BED8005CE893 /* somePlaces */;
			targetProxy = DDC14EDF2A73BED9005CE893 /* PBXContainerItemProxy */;
		};
/* End PBXTargetDependency section */

/* Begin PBXVariantGroup section */
		DDC14EC72A73BED8005CE893 /* Main.storyboard */ = {
			isa = PBXVariantGroup;
			children = (
				DDC14EC82A73BED8005CE893 /* Base */,
			);
			name = Main.storyboard;
			sourceTree = "<group>";
		};
		DDC14ECC2A73BED9005CE893 /* LaunchScreen.storyboard */ = {
			isa = PBXVariantGroup;
			children = (
				DDC14ECD2A73BED9005CE893 /* Base */,
			);
			name = LaunchScreen.storyboard;
			sourceTree = "<group>";
		};
/* End PBXVariantGroup section */

/* Begin XCBuildConfiguration section */
		DDC14EE62A73BED9005CE893 /* Debug */ = {
			isa = XCBuildConfiguration;
			buildSettings = {
				ALWAYS_SEARCH_USER_PATHS = NO;
				CLANG_ANALYZER_NONNULL = YES;
				CLANG_ANALYZER_NUMBER_OBJECT_CONVERSION = YES_AGGRESSIVE;
				CLANG_CXX_LANGUAGE_STANDARD = "gnu++20";
				CLANG_ENABLE_MODULES = YES;
				CLANG_ENABLE_OBJC_ARC = YES;
				CLANG_ENABLE_OBJC_WEAK = YES;
				CLANG_WARN_BLOCK_CAPTURE_AUTORELEASING = YES;
				CLANG_WARN_BOOL_CONVERSION = YES;
				CLANG_WARN_COMMA = YES;
				CLANG_WARN_CONSTANT_CONVERSION = YES;
				CLANG_WARN_DEPRECATED_OBJC_IMPLEMENTATIONS = YES;
				CLANG_WARN_DIRECT_OBJC_ISA_USAGE = YES_ERROR;
				CLANG_WARN_DOCUMENTATION_COMMENTS = YES;
				CLANG_WARN_EMPTY_BODY = YES;
				CLANG_WARN_ENUM_CONVERSION = YES;
				CLANG_WARN_INFINITE_RECURSION = YES;
				CLANG_WARN_INT_CONVERSION = YES;
				CLANG_WARN_NON_LITERAL_NULL_CONVERSION = YES;
				CLANG_WARN_OBJC_IMPLICIT_RETAIN_SELF = YES;
				CLANG_WARN_OBJC_LITERAL_CONVERSION = YES;
				CLANG_WARN_OBJC_ROOT_CLASS = YES_ERROR;
				CLANG_WARN_QUOTED_INCLUDE_IN_FRAMEWORK_HEADER = YES;
				CLANG_WARN_RANGE_LOOP_ANALYSIS = YES;
				CLANG_WARN_STRICT_PROTOTYPES = YES;
				CLANG_WARN_SUSPICIOUS_MOVE = YES;
				CLANG_WARN_UNGUARDED_AVAILABILITY = YES_AGGRESSIVE;
				CLANG_WARN_UNREACHABLE_CODE = YES;
				CLANG_WARN__DUPLICATE_METHOD_MATCH = YES;
				COPY_PHASE_STRIP = NO;
				DEBUG_INFORMATION_FORMAT = dwarf;
				ENABLE_STRICT_OBJC_MSGSEND = YES;
				ENABLE_TESTABILITY = YES;
				GCC_C_LANGUAGE_STANDARD = gnu11;
				GCC_DYNAMIC_NO_PIC = NO;
				GCC_NO_COMMON_BLOCKS = YES;
				GCC_OPTIMIZATION_LEVEL = 0;
				GCC_PREPROCESSOR_DEFINITIONS = (
					"DEBUG=1",
					"$(inherited)",
				);
				GCC_WARN_64_TO_32_BIT_CONVERSION = YES;
				GCC_WARN_ABOUT_RETURN_TYPE = YES_ERROR;
				GCC_WARN_UNDECLARED_SELECTOR = YES;
				GCC_WARN_UNINITIALIZED_AUTOS = YES_AGGRESSIVE;
				GCC_WARN_UNUSED_FUNCTION = YES;
				GCC_WARN_UNUSED_VARIABLE = YES;
				IPHONEOS_DEPLOYMENT_TARGET = 16.4;
				MTL_ENABLE_DEBUG_INFO = INCLUDE_SOURCE;
				MTL_FAST_MATH = YES;
				ONLY_ACTIVE_ARCH = YES;
				SDKROOT = iphoneos;
				SWIFT_ACTIVE_COMPILATION_CONDITIONS = DEBUG;
				SWIFT_OPTIMIZATION_LEVEL = "-Onone";
			};
			name = Debug;
		};
		DDC14EE72A73BED9005CE893 /* Release */ = {
			isa = XCBuildConfiguration;
			buildSettings = {
				ALWAYS_SEARCH_USER_PATHS = NO;
				CLANG_ANALYZER_NONNULL = YES;
				CLANG_ANALYZER_NUMBER_OBJECT_CONVERSION = YES_AGGRESSIVE;
				CLANG_CXX_LANGUAGE_STANDARD = "gnu++20";
				CLANG_ENABLE_MODULES = YES;
				CLANG_ENABLE_OBJC_ARC = YES;
				CLANG_ENABLE_OBJC_WEAK = YES;
				CLANG_WARN_BLOCK_CAPTURE_AUTORELEASING = YES;
				CLANG_WARN_BOOL_CONVERSION = YES;
				CLANG_WARN_COMMA = YES;
				CLANG_WARN_CONSTANT_CONVERSION = YES;
				CLANG_WARN_DEPRECATED_OBJC_IMPLEMENTATIONS = YES;
				CLANG_WARN_DIRECT_OBJC_ISA_USAGE = YES_ERROR;
				CLANG_WARN_DOCUMENTATION_COMMENTS = YES;
				CLANG_WARN_EMPTY_BODY = YES;
				CLANG_WARN_ENUM_CONVERSION = YES;
				CLANG_WARN_INFINITE_RECURSION = YES;
				CLANG_WARN_INT_CONVERSION = YES;
				CLANG_WARN_NON_LITERAL_NULL_CONVERSION = YES;
				CLANG_WARN_OBJC_IMPLICIT_RETAIN_SELF = YES;
				CLANG_WARN_OBJC_LITERAL_CONVERSION = YES;
				CLANG_WARN_OBJC_ROOT_CLASS = YES_ERROR;
				CLANG_WARN_QUOTED_INCLUDE_IN_FRAMEWORK_HEADER = YES;
				CLANG_WARN_RANGE_LOOP_ANALYSIS = YES;
				CLANG_WARN_STRICT_PROTOTYPES = YES;
				CLANG_WARN_SUSPICIOUS_MOVE = YES;
				CLANG_WARN_UNGUARDED_AVAILABILITY = YES_AGGRESSIVE;
				CLANG_WARN_UNREACHABLE_CODE = YES;
				CLANG_WARN__DUPLICATE_METHOD_MATCH = YES;
				COPY_PHASE_STRIP = NO;
				DEBUG_INFORMATION_FORMAT = "dwarf-with-dsym";
				ENABLE_NS_ASSERTIONS = NO;
				ENABLE_STRICT_OBJC_MSGSEND = YES;
				GCC_C_LANGUAGE_STANDARD = gnu11;
				GCC_NO_COMMON_BLOCKS = YES;
				GCC_WARN_64_TO_32_BIT_CONVERSION = YES;
				GCC_WARN_ABOUT_RETURN_TYPE = YES_ERROR;
				GCC_WARN_UNDECLARED_SELECTOR = YES;
				GCC_WARN_UNINITIALIZED_AUTOS = YES_AGGRESSIVE;
				GCC_WARN_UNUSED_FUNCTION = YES;
				GCC_WARN_UNUSED_VARIABLE = YES;
				IPHONEOS_DEPLOYMENT_TARGET = 16.4;
				MTL_ENABLE_DEBUG_INFO = NO;
				MTL_FAST_MATH = YES;
				SDKROOT = iphoneos;
				SWIFT_COMPILATION_MODE = wholemodule;
				SWIFT_OPTIMIZATION_LEVEL = "-O";
				VALIDATE_PRODUCT = YES;
			};
			name = Release;
		};
		DDC14EE92A73BED9005CE893 /* Debug */ = {
			isa = XCBuildConfiguration;
			buildSettings = {
				ASSETCATALOG_COMPILER_APPICON_NAME = AppIcon;
				ASSETCATALOG_COMPILER_GLOBAL_ACCENT_COLOR_NAME = AccentColor;
				CODE_SIGN_STYLE = Automatic;
				CURRENT_PROJECT_VERSION = 1;
				DEVELOPMENT_TEAM = URQR48G73T;
				GENERATE_INFOPLIST_FILE = YES;
				INFOPLIST_FILE = somePlaces/Info.plist;
				INFOPLIST_KEY_UIApplicationSupportsIndirectInputEvents = YES;
				INFOPLIST_KEY_UILaunchStoryboardName = LaunchScreen;
				INFOPLIST_KEY_UIMainStoryboardFile = Main;
				INFOPLIST_KEY_UISupportedInterfaceOrientations_iPad = "UIInterfaceOrientationPortrait UIInterfaceOrientationPortraitUpsideDown UIInterfaceOrientationLandscapeLeft UIInterfaceOrientationLandscapeRight";
				INFOPLIST_KEY_UISupportedInterfaceOrientations_iPhone = "UIInterfaceOrientationPortrait UIInterfaceOrientationLandscapeLeft UIInterfaceOrientationLandscapeRight";
				LD_RUNPATH_SEARCH_PATHS = (
					"$(inherited)",
					"@executable_path/Frameworks",
				);
				MARKETING_VERSION = 1.0;
				PRODUCT_BUNDLE_IDENTIFIER = f.somePlaces;
				PRODUCT_NAME = "$(TARGET_NAME)";
				SWIFT_EMIT_LOC_STRINGS = YES;
				SWIFT_VERSION = 5.0;
				TARGETED_DEVICE_FAMILY = "1,2";
			};
			name = Debug;
		};
		DDC14EEA2A73BED9005CE893 /* Release */ = {
			isa = XCBuildConfiguration;
			buildSettings = {
				ASSETCATALOG_COMPILER_APPICON_NAME = AppIcon;
				ASSETCATALOG_COMPILER_GLOBAL_ACCENT_COLOR_NAME = AccentColor;
				CODE_SIGN_STYLE = Automatic;
				CURRENT_PROJECT_VERSION = 1;
				DEVELOPMENT_TEAM = URQR48G73T;
				GENERATE_INFOPLIST_FILE = YES;
				INFOPLIST_FILE = somePlaces/Info.plist;
				INFOPLIST_KEY_UIApplicationSupportsIndirectInputEvents = YES;
				INFOPLIST_KEY_UILaunchStoryboardName = LaunchScreen;
				INFOPLIST_KEY_UIMainStoryboardFile = Main;
				INFOPLIST_KEY_UISupportedInterfaceOrientations_iPad = "UIInterfaceOrientationPortrait UIInterfaceOrientationPortraitUpsideDown UIInterfaceOrientationLandscapeLeft UIInterfaceOrientationLandscapeRight";
				INFOPLIST_KEY_UISupportedInterfaceOrientations_iPhone = "UIInterfaceOrientationPortrait UIInterfaceOrientationLandscapeLeft UIInterfaceOrientationLandscapeRight";
				LD_RUNPATH_SEARCH_PATHS = (
					"$(inherited)",
					"@executable_path/Frameworks",
				);
				MARKETING_VERSION = 1.0;
				PRODUCT_BUNDLE_IDENTIFIER = f.somePlaces;
				PRODUCT_NAME = "$(TARGET_NAME)";
				SWIFT_EMIT_LOC_STRINGS = YES;
				SWIFT_VERSION = 5.0;
				TARGETED_DEVICE_FAMILY = "1,2";
			};
			name = Release;
		};
		DDC14EEC2A73BED9005CE893 /* Debug */ = {
			isa = XCBuildConfiguration;
			buildSettings = {
				ALWAYS_EMBED_SWIFT_STANDARD_LIBRARIES = YES;
				BUNDLE_LOADER = "$(TEST_HOST)";
				CODE_SIGN_STYLE = Automatic;
				CURRENT_PROJECT_VERSION = 1;
				DEVELOPMENT_TEAM = URQR48G73T;
				GENERATE_INFOPLIST_FILE = YES;
				IPHONEOS_DEPLOYMENT_TARGET = 16.4;
				MARKETING_VERSION = 1.0;
				PRODUCT_BUNDLE_IDENTIFIER = f.somePlacesTests;
				PRODUCT_NAME = "$(TARGET_NAME)";
				SWIFT_EMIT_LOC_STRINGS = NO;
				SWIFT_VERSION = 5.0;
				TARGETED_DEVICE_FAMILY = "1,2";
				TEST_HOST = "$(BUILT_PRODUCTS_DIR)/somePlaces.app/$(BUNDLE_EXECUTABLE_FOLDER_PATH)/somePlaces";
			};
			name = Debug;
		};
		DDC14EED2A73BED9005CE893 /* Release */ = {
			isa = XCBuildConfiguration;
			buildSettings = {
				ALWAYS_EMBED_SWIFT_STANDARD_LIBRARIES = YES;
				BUNDLE_LOADER = "$(TEST_HOST)";
				CODE_SIGN_STYLE = Automatic;
				CURRENT_PROJECT_VERSION = 1;
				DEVELOPMENT_TEAM = URQR48G73T;
				GENERATE_INFOPLIST_FILE = YES;
				IPHONEOS_DEPLOYMENT_TARGET = 16.4;
				MARKETING_VERSION = 1.0;
				PRODUCT_BUNDLE_IDENTIFIER = f.somePlacesTests;
				PRODUCT_NAME = "$(TARGET_NAME)";
				SWIFT_EMIT_LOC_STRINGS = NO;
				SWIFT_VERSION = 5.0;
				TARGETED_DEVICE_FAMILY = "1,2";
				TEST_HOST = "$(BUILT_PRODUCTS_DIR)/somePlaces.app/$(BUNDLE_EXECUTABLE_FOLDER_PATH)/somePlaces";
			};
			name = Release;
		};
		DDC14EEF2A73BED9005CE893 /* Debug */ = {
			isa = XCBuildConfiguration;
			buildSettings = {
				ALWAYS_EMBED_SWIFT_STANDARD_LIBRARIES = YES;
				CODE_SIGN_STYLE = Automatic;
				CURRENT_PROJECT_VERSION = 1;
				DEVELOPMENT_TEAM = URQR48G73T;
				GENERATE_INFOPLIST_FILE = YES;
				MARKETING_VERSION = 1.0;
				PRODUCT_BUNDLE_IDENTIFIER = f.somePlacesUITests;
				PRODUCT_NAME = "$(TARGET_NAME)";
				SWIFT_EMIT_LOC_STRINGS = NO;
				SWIFT_VERSION = 5.0;
				TARGETED_DEVICE_FAMILY = "1,2";
				TEST_TARGET_NAME = somePlaces;
			};
			name = Debug;
		};
		DDC14EF02A73BED9005CE893 /* Release */ = {
			isa = XCBuildConfiguration;
			buildSettings = {
				ALWAYS_EMBED_SWIFT_STANDARD_LIBRARIES = YES;
				CODE_SIGN_STYLE = Automatic;
				CURRENT_PROJECT_VERSION = 1;
				DEVELOPMENT_TEAM = URQR48G73T;
				GENERATE_INFOPLIST_FILE = YES;
				MARKETING_VERSION = 1.0;
				PRODUCT_BUNDLE_IDENTIFIER = f.somePlacesUITests;
				PRODUCT_NAME = "$(TARGET_NAME)";
				SWIFT_EMIT_LOC_STRINGS = NO;
				SWIFT_VERSION = 5.0;
				TARGETED_DEVICE_FAMILY = "1,2";
				TEST_TARGET_NAME = somePlaces;
			};
			name = Release;
		};
/* End XCBuildConfiguration section */

/* Begin XCConfigurationList section */
		DDC14EB92A73BED8005CE893 /* Build configuration list for PBXProject "somePlaces" */ = {
			isa = XCConfigurationList;
			buildConfigurations = (
				DDC14EE62A73BED9005CE893 /* Debug */,
				DDC14EE72A73BED9005CE893 /* Release */,
			);
			defaultConfigurationIsVisible = 0;
			defaultConfigurationName = Release;
		};
		DDC14EE82A73BED9005CE893 /* Build configuration list for PBXNativeTarget "somePlaces" */ = {
			isa = XCConfigurationList;
			buildConfigurations = (
				DDC14EE92A73BED9005CE893 /* Debug */,
				DDC14EEA2A73BED9005CE893 /* Release */,
			);
			defaultConfigurationIsVisible = 0;
			defaultConfigurationName = Release;
		};
		DDC14EEB2A73BED9005CE893 /* Build configuration list for PBXNativeTarget "somePlacesTests" */ = {
			isa = XCConfigurationList;
			buildConfigurations = (
				DDC14EEC2A73BED9005CE893 /* Debug */,
				DDC14EED2A73BED9005CE893 /* Release */,
			);
			defaultConfigurationIsVisible = 0;
			defaultConfigurationName = Release;
		};
		DDC14EEE2A73BED9005CE893 /* Build configuration list for PBXNativeTarget "somePlacesUITests" */ = {
			isa = XCConfigurationList;
			buildConfigurations = (
				DDC14EEF2A73BED9005CE893 /* Debug */,
				DDC14EF02A73BED9005CE893 /* Release */,
			);
			defaultConfigurationIsVisible = 0;
			defaultConfigurationName = Release;
		};
/* End XCConfigurationList section */
	};
	rootObject = DDC14EB62A73BED8005CE893 /* Project object */;
}
